
Microsoft Visual Studio Solution File, Format Version 12.00
# Visual Studio Version 17
VisualStudioVersion = 17.12.35527.113
MinimumVisualStudioVersion = 10.0.40219.1
Project("{FAE04EC0-301F-11D3-BF4B-00C04F79EFBC}") = "TwinCAT.ProductivityTools.15", "src\TwinCAT.ProductivityTools.15\TwinCAT.ProductivityTools.15.csproj", "{F11ED694-AD48-4596-87E0-F19C663CAF9C}"
EndProject
Project("{FAE04EC0-301F-11D3-BF4B-00C04F79EFBC}") = "TwinCAT.ProductivityTools.17", "src\TwinCAT.ProductivityTools.17\TwinCAT.ProductivityTools.17.csproj", "{710545A5-E083-4F4C-A7AC-C0F8B2E1F255}"
EndProject
Project("{D954291E-2A0B-460D-934E-DC6B0785DB48}") = "TwinCAT.ProductivityTools.Shared", "src\TwinCAT.ProductivityTools.Shared\TwinCAT.ProductivityTools.Shared.shproj", "{0FDB9F73-33C4-4CC7-9813-8D9A4BEBBC0E}"
EndProject
Project("{2150E333-8FDC-42A3-9474-1A3956D46DE8}") = "Solution Items", "Solution Items", "{FB358D1A-B9AE-4C97-891E-E5840882F24F}"
	ProjectSection(SolutionItems) = preProject
		LICENSE.MD = LICENSE.MD
		README.MD = README.MD
	EndProjectSection
EndProject
Project("{2150E333-8FDC-42A3-9474-1A3956D46DE8}") = "src", "src", "{827E0CD3-B72D-47B6-A68D-7590B98EB39B}"
EndProject
Project("{FAE04EC0-301F-11D3-BF4B-00C04F79EFBC}") = "TwinCAT.ProductivityTools.Core", "src\TwinCAT.ProductivityTools.Core\TwinCAT.ProductivityTools.Core.csproj", "{C829F2BA-4DDD-4D85-A68D-2EE3C507947C}"
EndProject
Project("{2150E333-8FDC-42A3-9474-1A3956D46DE8}") = "tests", "tests", "{0AB3BF05-4346-4AA6-1389-037BE0695223}"
EndProject
Project("{FAE04EC0-301F-11D3-BF4B-00C04F79EFBC}") = "TwinCAT.ProductivityTools.Core.Tests", "tests\TwinCAT.ProductivityTools.Core.Tests\TwinCAT.ProductivityTools.Core.Tests.csproj", "{E1C1F569-03AD-4E60-A349-4824ADCDBD12}"
EndProject
Project("{FAE04EC0-301F-11D3-BF4B-00C04F79EFBC}") = "TwinCAT.ProductivityTools.Integration.Tests", "tests\TwinCAT.ProductivityTools.Integration.Tests\TwinCAT.ProductivityTools.Integration.Tests.csproj", "{1885F03D-A83F-4263-A6FD-954BD943C43E}"
EndProject
Global
	GlobalSection(SolutionConfigurationPlatforms) = preSolution
		Debug|Any CPU = Debug|Any CPU
		Debug|x64 = Debug|x64
		Debug|x86 = Debug|x86
		Release|Any CPU = Release|Any CPU
		Release|x64 = Release|x64
		Release|x86 = Release|x86
	EndGlobalSection
	GlobalSection(ProjectConfigurationPlatforms) = postSolution
		{F11ED694-AD48-4596-87E0-F19C663CAF9C}.Debug|Any CPU.ActiveCfg = Debug|Any CPU
		{F11ED694-AD48-4596-87E0-F19C663CAF9C}.Debug|Any CPU.Build.0 = Debug|Any CPU
		{F11ED694-AD48-4596-87E0-F19C663CAF9C}.Debug|x64.ActiveCfg = Debug|Any CPU
		{F11ED694-AD48-4596-87E0-F19C663CAF9C}.Debug|x64.Build.0 = Debug|Any CPU
		{F11ED694-AD48-4596-87E0-F19C663CAF9C}.Debug|x86.ActiveCfg = Debug|Any CPU
		{F11ED694-AD48-4596-87E0-F19C663CAF9C}.Debug|x86.Build.0 = Debug|Any CPU
		{F11ED694-AD48-4596-87E0-F19C663CAF9C}.Release|Any CPU.ActiveCfg = Release|Any CPU
		{F11ED694-AD48-4596-87E0-F19C663CAF9C}.Release|Any CPU.Build.0 = Release|Any CPU
		{F11ED694-AD48-4596-87E0-F19C663CAF9C}.Release|x64.ActiveCfg = Release|Any CPU
		{F11ED694-AD48-4596-87E0-F19C663CAF9C}.Release|x64.Build.0 = Release|Any CPU
		{F11ED694-AD48-4596-87E0-F19C663CAF9C}.Release|x86.ActiveCfg = Release|Any CPU
		{F11ED694-AD48-4596-87E0-F19C663CAF9C}.Release|x86.Build.0 = Release|Any CPU
		{710545A5-E083-4F4C-A7AC-C0F8B2E1F255}.Debug|Any CPU.ActiveCfg = Debug|Any CPU
		{710545A5-E083-4F4C-A7AC-C0F8B2E1F255}.Debug|Any CPU.Build.0 = Debug|Any CPU
		{710545A5-E083-4F4C-A7AC-C0F8B2E1F255}.Debug|x64.ActiveCfg = Debug|Any CPU
		{710545A5-E083-4F4C-A7AC-C0F8B2E1F255}.Debug|x64.Build.0 = Debug|Any CPU
		{710545A5-E083-4F4C-A7AC-C0F8B2E1F255}.Debug|x86.ActiveCfg = Debug|Any CPU
		{710545A5-E083-4F4C-A7AC-C0F8B2E1F255}.Debug|x86.Build.0 = Debug|Any CPU
		{710545A5-E083-4F4C-A7AC-C0F8B2E1F255}.Release|Any CPU.ActiveCfg = Release|Any CPU
		{710545A5-E083-4F4C-A7AC-C0F8B2E1F255}.Release|Any CPU.Build.0 = Release|Any CPU
		{710545A5-E083-4F4C-A7AC-C0F8B2E1F255}.Release|x64.ActiveCfg = Release|Any CPU
		{710545A5-E083-4F4C-A7AC-C0F8B2E1F255}.Release|x64.Build.0 = Release|Any CPU
		{710545A5-E083-4F4C-A7AC-C0F8B2E1F255}.Release|x86.ActiveCfg = Release|Any CPU
		{710545A5-E083-4F4C-A7AC-C0F8B2E1F255}.Release|x86.Build.0 = Release|Any CPU
		{C829F2BA-4DDD-4D85-A68D-2EE3C507947C}.Debug|Any CPU.ActiveCfg = Debug|Any CPU
		{C829F2BA-4DDD-4D85-A68D-2EE3C507947C}.Debug|Any CPU.Build.0 = Debug|Any CPU
		{C829F2BA-4DDD-4D85-A68D-2EE3C507947C}.Debug|x64.ActiveCfg = Debug|Any CPU
		{C829F2BA-4DDD-4D85-A68D-2EE3C507947C}.Debug|x64.Build.0 = Debug|Any CPU
		{C829F2BA-4DDD-4D85-A68D-2EE3C507947C}.Debug|x86.ActiveCfg = Debug|Any CPU
		{C829F2BA-4DDD-4D85-A68D-2EE3C507947C}.Debug|x86.Build.0 = Debug|Any CPU
		{C829F2BA-4DDD-4D85-A68D-2EE3C507947C}.Release|Any CPU.ActiveCfg = Release|Any CPU
		{C829F2BA-4DDD-4D85-A68D-2EE3C507947C}.Release|Any CPU.Build.0 = Release|Any CPU
		{C829F2BA-4DDD-4D85-A68D-2EE3C507947C}.Release|x64.ActiveCfg = Release|Any CPU
		{C829F2BA-4DDD-4D85-A68D-2EE3C507947C}.Release|x64.Build.0 = Release|Any CPU
		{C829F2BA-4DDD-4D85-A68D-2EE3C507947C}.Release|x86.ActiveCfg = Release|Any CPU
		{C829F2BA-4DDD-4D85-A68D-2EE3C507947C}.Release|x86.Build.0 = Release|Any CPU
		{E1C1F569-03AD-4E60-A349-4824ADCDBD12}.Debug|Any CPU.ActiveCfg = Debug|Any CPU
		{E1C1F569-03AD-4E60-A349-4824ADCDBD12}.Debug|Any CPU.Build.0 = Debug|Any CPU
		{E1C1F569-03AD-4E60-A349-4824ADCDBD12}.Debug|x64.ActiveCfg = Debug|Any CPU
		{E1C1F569-03AD-4E60-A349-4824ADCDBD12}.Debug|x64.Build.0 = Debug|Any CPU
		{E1C1F569-03AD-4E60-A349-4824ADCDBD12}.Debug|x86.ActiveCfg = Debug|Any CPU
		{E1C1F569-03AD-4E60-A349-4824ADCDBD12}.Debug|x86.Build.0 = Debug|Any CPU
		{E1C1F569-03AD-4E60-A349-4824ADCDBD12}.Release|Any CPU.ActiveCfg = Release|Any CPU
		{E1C1F569-03AD-4E60-A349-4824ADCDBD12}.Release|Any CPU.Build.0 = Release|Any CPU
		{E1C1F569-03AD-4E60-A349-4824ADCDBD12}.Release|x64.ActiveCfg = Release|Any CPU
		{E1C1F569-03AD-4E60-A349-4824ADCDBD12}.Release|x64.Build.0 = Release|Any CPU
		{E1C1F569-03AD-4E60-A349-4824ADCDBD12}.Release|x86.ActiveCfg = Release|Any CPU
		{E1C1F569-03AD-4E60-A349-4824ADCDBD12}.Release|x86.Build.0 = Release|Any CPU
		{1885F03D-A83F-4263-A6FD-954BD943C43E}.Debug|Any CPU.ActiveCfg = Debug|Any CPU
		{1885F03D-A83F-4263-A6FD-954BD943C43E}.Debug|Any CPU.Build.0 = Debug|Any CPU
		{1885F03D-A83F-4263-A6FD-954BD943C43E}.Debug|x64.ActiveCfg = Debug|Any CPU
		{1885F03D-A83F-4263-A6FD-954BD943C43E}.Debug|x64.Build.0 = Debug|Any CPU
		{1885F03D-A83F-4263-A6FD-954BD943C43E}.Debug|x86.ActiveCfg = Debug|Any CPU
		{1885F03D-A83F-4263-A6FD-954BD943C43E}.Debug|x86.Build.0 = Debug|Any CPU
		{1885F03D-A83F-4263-A6FD-954BD943C43E}.Release|Any CPU.ActiveCfg = Release|Any CPU
		{1885F03D-A83F-4263-A6FD-954BD943C43E}.Release|Any CPU.Build.0 = Release|Any CPU
		{1885F03D-A83F-4263-A6FD-954BD943C43E}.Release|x64.ActiveCfg = Release|Any CPU
		{1885F03D-A83F-4263-A6FD-954BD943C43E}.Release|x64.Build.0 = Release|Any CPU
		{1885F03D-A83F-4263-A6FD-954BD943C43E}.Release|x86.ActiveCfg = Release|Any CPU
		{1885F03D-A83F-4263-A6FD-954BD943C43E}.Release|x86.Build.0 = Release|Any CPU
	EndGlobalSection
	GlobalSection(SolutionProperties) = preSolution
		HideSolutionNode = FALSE
	EndGlobalSection
	GlobalSection(NestedProjects) = preSolution
		{C829F2BA-4DDD-4D85-A68D-2EE3C507947C} = {827E0CD3-B72D-47B6-A68D-7590B98EB39B}
		{E1C1F569-03AD-4E60-A349-4824ADCDBD12} = {0AB3BF05-4346-4AA6-1389-037BE0695223}
		{1885F03D-A83F-4263-A6FD-954BD943C43E} = {0AB3BF05-4346-4AA6-1389-037BE0695223}
	EndGlobalSection
	GlobalSection(ExtensibilityGlobals) = postSolution
		SolutionGuid = {0316AE9C-CAB4-4E5C-AF0E-D21B6755EB76}
	EndGlobalSection
	GlobalSection(SharedMSBuildProjectFiles) = preSolution
		src\TwinCAT.ProductivityTools.Shared\TwinCAT.ProductivityTools.Shared.projitems*{0fdb9f73-33c4-4cc7-9813-8d9a4bebbc0e}*SharedItemsImports = 13
		src\TwinCAT.ProductivityTools.Shared\TwinCAT.ProductivityTools.Shared.projitems*{710545a5-e083-4f4c-a7ac-c0f8b2e1f255}*SharedItemsImports = 4
		src\TwinCAT.ProductivityTools.Shared\TwinCAT.ProductivityTools.Shared.projitems*{f11ed694-ad48-4596-87e0-f19c663caf9c}*SharedItemsImports = 4
	EndGlobalSection
EndGlobal
